
Microsoft Visual Studio Solution File, Format Version 12.00
# Visual Studio Version 17
VisualStudioVersion = 17.0.31903.59
MinimumVisualStudioVersion = 10.0.40219.1
Project("{9A19103F-16F7-4668-BE54-9A1E7A4F7556}") = "WebApplication3", "WebApplication3\WebApplication3.csproj", "{A3B0F215-423D-4D76-9964-50276836CC7F}"
EndProject
Project("{2150E333-8FDC-42A3-9474-1A3956D46DE8}") = "1. Interface", "1. Interface", "{BE5ED027-6F86-4FF5-979F-96769295630F}"
EndProject
Project("{2150E333-8FDC-42A3-9474-1A3956D46DE8}") = "2. Domain", "2. Domain", "{CA07FE16-1339-4870-BF9F-316101B02949}"
EndProject
Project("{2150E333-8FDC-42A3-9474-1A3956D46DE8}") = "3. Infrastructure", "3. Infrastructure", "{E65870CD-4323-44CD-8735-E365035D09E4}"
EndProject
Project("{9A19103F-16F7-4668-BE54-9A1E7A4F7556}") = "WebApplication3.Core", "WebApplication3.Core\WebApplication3.Core.csproj", "{C3CD02C8-1430-43A1-9078-6D2FF7F39A2C}"
EndProject
Project("{9A19103F-16F7-4668-BE54-9A1E7A4F7556}") = "WebApplication.Infrastructure", "WebApplication.Infrastructure\WebApplication.Infrastructure.csproj", "{924CCD93-236B-470C-BE26-79484A853E97}"
EndProject
Project("{FAE04EC0-301F-11D3-BF4B-00C04F79EFBC}") = "WebApplication3.Tests", "WebApplication3.Tests\WebApplication3.Tests.csproj", "{3E50EFCF-8346-4347-9BBB-A5FB93817D94}"
EndProject
Global
	GlobalSection(SolutionConfigurationPlatforms) = preSolution
		Debug|Any CPU = Debug|Any CPU
		Release|Any CPU = Release|Any CPU
	EndGlobalSection
	GlobalSection(ProjectConfigurationPlatforms) = postSolution
		{A3B0F215-423D-4D76-9964-50276836CC7F}.Debug|Any CPU.ActiveCfg = Debug|Any CPU
		{A3B0F215-423D-4D76-9964-50276836CC7F}.Debug|Any CPU.Build.0 = Debug|Any CPU
		{A3B0F215-423D-4D76-9964-50276836CC7F}.Release|Any CPU.ActiveCfg = Release|Any CPU
		{A3B0F215-423D-4D76-9964-50276836CC7F}.Release|Any CPU.Build.0 = Release|Any CPU
		{C3CD02C8-1430-43A1-9078-6D2FF7F39A2C}.Debug|Any CPU.ActiveCfg = Debug|Any CPU
		{C3CD02C8-1430-43A1-9078-6D2FF7F39A2C}.Debug|Any CPU.Build.0 = Debug|Any CPU
		{C3CD02C8-1430-43A1-9078-6D2FF7F39A2C}.Release|Any CPU.ActiveCfg = Release|Any CPU
		{C3CD02C8-1430-43A1-9078-6D2FF7F39A2C}.Release|Any CPU.Build.0 = Release|Any CPU
		{924CCD93-236B-470C-BE26-79484A853E97}.Debug|Any CPU.ActiveCfg = Debug|Any CPU
		{924CCD93-236B-470C-BE26-79484A853E97}.Debug|Any CPU.Build.0 = Debug|Any CPU
		{924CCD93-236B-470C-BE26-79484A853E97}.Release|Any CPU.ActiveCfg = Release|Any CPU
		{924CCD93-236B-470C-BE26-79484A853E97}.Release|Any CPU.Build.0 = Release|Any CPU
		{3E50EFCF-8346-4347-9BBB-A5FB93817D94}.Debug|Any CPU.ActiveCfg = Debug|Any CPU
		{3E50EFCF-8346-4347-9BBB-A5FB93817D94}.Debug|Any CPU.Build.0 = Debug|Any CPU
		{3E50EFCF-8346-4347-9BBB-A5FB93817D94}.Release|Any CPU.ActiveCfg = Release|Any CPU
		{3E50EFCF-8346-4347-9BBB-A5FB93817D94}.Release|Any CPU.Build.0 = Release|Any CPU
	EndGlobalSection
	GlobalSection(SolutionProperties) = preSolution
		HideSolutionNode = FALSE
	EndGlobalSection
	GlobalSection(NestedProjects) = preSolution
		{A3B0F215-423D-4D76-9964-50276836CC7F} = {BE5ED027-6F86-4FF5-979F-96769295630F}
		{C3CD02C8-1430-43A1-9078-6D2FF7F39A2C} = {CA07FE16-1339-4870-BF9F-316101B02949}
		{924CCD93-236B-470C-BE26-79484A853E97} = {E65870CD-4323-44CD-8735-E365035D09E4}
		{3E50EFCF-8346-4347-9BBB-A5FB93817D94} = {BE5ED027-6F86-4FF5-979F-96769295630F}
	EndGlobalSection
	GlobalSection(ExtensibilityGlobals) = postSolution
		SolutionGuid = {571040B3-F66D-41AB-9D2F-2C0E6D3E94CA}
	EndGlobalSection
EndGlobal
